{
    "version": 3,
    "terraform_version": "0.9.4",
    "serial": 3,
    "lineage": "b1474c7b-f43a-4c4c-b4ab-f42bb57f5338",
    "modules": [
        {
            "path": [
                "root"
            ],
            "outputs": {
                "route_table_private_id": {
                    "sensitive": false,
                    "type": "string",
                    "value": "rtb-9888cae3"
                },
                "vpc_id": {
                    "sensitive": false,
                    "type": "string",
                    "value": "vpc-826e7afb"
                }
            },
            "resources": {},
            "depends_on": []
        },
        {
            "path": [
                "root",
                "rds"
            ],
            "outputs": {},
            "resources": {
                "aws_db_subnet_group.default": {
                    "type": "aws_db_subnet_group",
                    "depends_on": [
                        "aws_subnet.db-a",
                        "aws_subnet.db-b"
                    ],
                    "primary": {
                        "id": "main",
                        "attributes": {
                            "arn": "arn:aws:rds:us-east-1:881638663441:subgrp:main",
                            "description": "Managed by Terraform",
                            "id": "main",
                            "name": "main",
                            "subnet_ids.#": "2",
                            "subnet_ids.104139660": "subnet-a1b45fea",
                            "subnet_ids.1280810001": "subnet-7998b423",
                            "tags.%": "1",
                            "tags.Name": "main"
                        },
                        "meta": {},
                        "tainted": false
                    },
                    "deposed": [],
                    "provider": ""
                },
                "aws_route_table_association.db-a": {
                    "type": "aws_route_table_association",
                    "depends_on": [
                        "aws_subnet.db-a"
                    ],
                    "primary": {
                        "id": "rtbassoc-4f411a35",
                        "attributes": {
                            "id": "rtbassoc-4f411a35",
                            "route_table_id": "rtb-9888cae3",
                            "subnet_id": "subnet-a1b45fea"
                        },
                        "meta": {},
                        "tainted": false
                    },
                    "deposed": [],
                    "provider": ""
                },
                "aws_route_table_association.db-b": {
                    "type": "aws_route_table_association",
                    "depends_on": [
                        "aws_subnet.db-b"
                    ],
                    "primary": {
                        "id": "rtbassoc-e3461d99",
                        "attributes": {
                            "id": "rtbassoc-e3461d99",
                            "route_table_id": "rtb-9888cae3",
                            "subnet_id": "subnet-7998b423"
                        },
                        "meta": {},
                        "tainted": false
                    },
                    "deposed": [],
                    "provider": ""
                },
                "aws_subnet.db-a": {
                    "type": "aws_subnet",
                    "depends_on": [],
                    "primary": {
                        "id": "subnet-a1b45fea",
                        "attributes": {
                            "assign_ipv6_address_on_creation": "false",
                            "availability_zone": "us-east-1a",
                            "cidr_block": "10.0.64.0/19",
                            "id": "subnet-a1b45fea",
                            "map_public_ip_on_launch": "false",
                            "tags.%": "1",
                            "tags.Name": "main",
                            "vpc_id": "vpc-826e7afb"
                        },
                        "meta": {
                            "schema_version": "1"
                        },
                        "tainted": false
                    },
                    "deposed": [],
                    "provider": ""
                },
                "aws_subnet.db-b": {
                    "type": "aws_subnet",
                    "depends_on": [],
                    "primary": {
                        "id": "subnet-7998b423",
                        "attributes": {
                            "assign_ipv6_address_on_creation": "false",
                            "availability_zone": "us-east-1b",
                            "cidr_block": "10.0.96.0/19",
                            "id": "subnet-7998b423",
                            "map_public_ip_on_launch": "false",
                            "tags.%": "1",
                            "tags.Name": "main",
                            "vpc_id": "vpc-826e7afb"
                        },
                        "meta": {
                            "schema_version": "1"
                        },
                        "tainted": false
                    },
                    "deposed": [],
                    "provider": ""
                }
            },
            "depends_on": []
        },
        {
            "path": [
                "root",
                "vpc"
            ],
            "outputs": {
                "route_table_private_id": {
                    "sensitive": false,
                    "type": "string",
                    "value": "rtb-9888cae3"
                },
                "vpc_id": {
                    "sensitive": false,
                    "type": "string",
                    "value": "vpc-826e7afb"
                }
            },
            "resources": {
                "aws_internet_gateway.main": {
                    "type": "aws_internet_gateway",
                    "depends_on": [
                        "aws_vpc.main"
                    ],
                    "primary": {
                        "id": "igw-db5cb3a2",
                        "attributes": {
                            "id": "igw-db5cb3a2",
                            "tags.%": "1",
                            "tags.Name": "main",
                            "vpc_id": "vpc-826e7afb"
                        },
                        "meta": {},
                        "tainted": false
                    },
                    "deposed": [],
                    "provider": ""
                },
                "aws_route.default": {
                    "type": "aws_route",
                    "depends_on": [
                        "aws_internet_gateway.main",
                        "aws_route_table.public"
                    ],
                    "primary": {
                        "id": "r-rtb-f390d2881080289494",
                        "attributes": {
                            "destination_cidr_block": "0.0.0.0/0",
                            "destination_prefix_list_id": "",
                            "egress_only_gateway_id": "",
                            "gateway_id": "igw-db5cb3a2",
                            "id": "r-rtb-f390d2881080289494",
                            "instance_id": "",
                            "instance_owner_id": "",
                            "nat_gateway_id": "",
                            "network_interface_id": "",
                            "origin": "CreateRoute",
                            "route_table_id": "rtb-f390d288",
                            "state": "active",
                            "vpc_peering_connection_id": ""
                        },
                        "meta": {},
                        "tainted": false
                    },
                    "deposed": [],
                    "provider": ""
                },
                "aws_route_table.private": {
                    "type": "aws_route_table",
                    "depends_on": [
                        "aws_vpc.main"
                    ],
                    "primary": {
                        "id": "rtb-9888cae3",
                        "attributes": {
                            "id": "rtb-9888cae3",
                            "propagating_vgws.#": "0",
                            "route.#": "0",
                            "tags.%": "1",
                            "tags.Name": "main",
                            "vpc_id": "vpc-826e7afb"
                        },
                        "meta": {},
                        "tainted": false
                    },
                    "deposed": [],
                    "provider": ""
                },
                "aws_route_table.public": {
                    "type": "aws_route_table",
                    "depends_on": [
                        "aws_vpc.main"
                    ],
                    "primary": {
                        "id": "rtb-f390d288",
                        "attributes": {
                            "id": "rtb-f390d288",
                            "propagating_vgws.#": "0",
                            "route.#": "1",
                            "route.3311453892.cidr_block": "0.0.0.0/0",
                            "route.3311453892.egress_only_gateway_id": "",
                            "route.3311453892.gateway_id": "igw-db5cb3a2",
                            "route.3311453892.instance_id": "",
                            "route.3311453892.ipv6_cidr_block": "",
                            "route.3311453892.nat_gateway_id": "",
                            "route.3311453892.network_interface_id": "",
                            "route.3311453892.vpc_peering_connection_id": "",
                            "tags.%": "1",
                            "tags.Name": "main",
                            "vpc_id": "vpc-826e7afb"
                        },
                        "meta": {},
                        "tainted": false
                    },
                    "deposed": [],
                    "provider": ""
                },
                "aws_route_table_association.private-a": {
                    "type": "aws_route_table_association",
                    "depends_on": [
                        "aws_route_table.private",
                        "aws_subnet.private-a"
                    ],
                    "primary": {
                        "id": "rtbassoc-7a411a00",
                        "attributes": {
                            "id": "rtbassoc-7a411a00",
                            "route_table_id": "rtb-9888cae3",
                            "subnet_id": "subnet-eb8368a0"
                        },
                        "meta": {},
                        "tainted": false
                    },
                    "deposed": [],
                    "provider": ""
                },
                "aws_route_table_association.public-a": {
                    "type": "aws_route_table_association",
                    "depends_on": [
                        "aws_route_table.public",
                        "aws_subnet.public-a"
                    ],
                    "primary": {
                        "id": "rtbassoc-ca4c17b0",
                        "attributes": {
                            "id": "rtbassoc-ca4c17b0",
                            "route_table_id": "rtb-f390d288",
                            "subnet_id": "subnet-48826903"
                        },
                        "meta": {},
                        "tainted": false
                    },
                    "deposed": [],
                    "provider": ""
                },
                "aws_security_group.main": {
                    "type": "aws_security_group",
                    "depends_on": [
                        "aws_vpc.main"
                    ],
                    "primary": {
                        "id": "sg-c170a2b2",
                        "attributes": {
                            "description": "Main security group",
                            "egress.#": "1",
                            "egress.482069346.cidr_blocks.#": "1",
                            "egress.482069346.cidr_blocks.0": "0.0.0.0/0",
                            "egress.482069346.from_port": "0",
                            "egress.482069346.ipv6_cidr_blocks.#": "0",
                            "egress.482069346.prefix_list_ids.#": "0",
                            "egress.482069346.protocol": "-1",
                            "egress.482069346.security_groups.#": "0",
                            "egress.482069346.self": "false",
                            "egress.482069346.to_port": "0",
                            "id": "sg-c170a2b2",
                            "ingress.#": "1",
                            "ingress.2617001939.cidr_blocks.#": "1",
                            "ingress.2617001939.cidr_blocks.0": "0.0.0.0/0",
                            "ingress.2617001939.from_port": "443",
                            "ingress.2617001939.ipv6_cidr_blocks.#": "0",
                            "ingress.2617001939.protocol": "tcp",
                            "ingress.2617001939.security_groups.#": "0",
                            "ingress.2617001939.self": "false",
                            "ingress.2617001939.to_port": "443",
                            "name": "main",
                            "owner_id": "881638663441",
                            "tags.%": "1",
                            "tags.Name": "main",
                            "vpc_id": "vpc-826e7afb"
                        },
                        "meta": {},
                        "tainted": false
                    },
                    "deposed": [],
                    "provider": ""
                },
                "aws_security_group_rule.https": {
                    "type": "aws_security_group_rule",
                    "depends_on": [
                        "aws_security_group.main"
                    ],
                    "primary": {
                        "id": "sgrule-3189510019",
                        "attributes": {
                            "cidr_blocks.#": "1",
                            "cidr_blocks.0": "0.0.0.0/0",
                            "from_port": "443",
                            "id": "sgrule-3189510019",
                            "ipv6_cidr_blocks.#": "0",
                            "prefix_list_ids.#": "0",
                            "protocol": "tcp",
                            "security_group_id": "sg-c170a2b2",
                            "self": "false",
                            "to_port": "443",
                            "type": "ingress"
                        },
                        "meta": {
                            "schema_version": "2"
                        },
                        "tainted": false
                    },
                    "deposed": [],
                    "provider": ""
                },
                "aws_security_group_rule.master-egress": {
                    "type": "aws_security_group_rule",
                    "depends_on": [
                        "aws_security_group.main"
                    ],
                    "primary": {
                        "id": "sgrule-2715215513",
                        "attributes": {
                            "cidr_blocks.#": "1",
                            "cidr_blocks.0": "0.0.0.0/0",
                            "from_port": "0",
                            "id": "sgrule-2715215513",
                            "ipv6_cidr_blocks.#": "0",
                            "prefix_list_ids.#": "0",
                            "protocol": "-1",
                            "security_group_id": "sg-c170a2b2",
                            "self": "false",
                            "to_port": "0",
                            "type": "egress"
                        },
                        "meta": {
                            "schema_version": "2"
                        },
                        "tainted": false
                    },
                    "deposed": [],
                    "provider": ""
                },
                "aws_subnet.private-a": {
                    "type": "aws_subnet",
                    "depends_on": [
                        "aws_vpc.main"
                    ],
                    "primary": {
                        "id": "subnet-eb8368a0",
                        "attributes": {
                            "assign_ipv6_address_on_creation": "false",
                            "availability_zone": "us-east-1a",
                            "cidr_block": "10.0.32.0/19",
                            "id": "subnet-eb8368a0",
                            "map_public_ip_on_launch": "false",
                            "tags.%": "1",
                            "tags.Name": "main",
                            "vpc_id": "vpc-826e7afb"
                        },
                        "meta": {
                            "schema_version": "1"
                        },
                        "tainted": false
                    },
                    "deposed": [],
                    "provider": ""
                },
                "aws_subnet.public-a": {
                    "type": "aws_subnet",
                    "depends_on": [
                        "aws_vpc.main"
                    ],
                    "primary": {
                        "id": "subnet-48826903",
                        "attributes": {
                            "assign_ipv6_address_on_creation": "false",
                            "availability_zone": "us-east-1a",
                            "cidr_block": "10.0.0.0/19",
                            "id": "subnet-48826903",
                            "map_public_ip_on_launch": "false",
                            "tags.%": "1",
                            "tags.Name": "main",
                            "vpc_id": "vpc-826e7afb"
                        },
                        "meta": {
                            "schema_version": "1"
                        },
                        "tainted": false
                    },
                    "deposed": [],
                    "provider": ""
                },
                "aws_vpc.main": {
                    "type": "aws_vpc",
                    "depends_on": [],
                    "primary": {
                        "id": "vpc-826e7afb",
                        "attributes": {
                            "assign_generated_ipv6_cidr_block": "false",
                            "cidr_block": "10.0.0.0/16",
                            "default_network_acl_id": "acl-6d53d315",
                            "default_route_table_id": "rtb-7185c70a",
                            "default_security_group_id": "sg-e076a493",
                            "dhcp_options_id": "dopt-76cadf14",
                            "enable_classiclink": "false",
                            "enable_dns_hostnames": "true",
                            "enable_dns_support": "true",
                            "id": "vpc-826e7afb",
                            "instance_tenancy": "default",
                            "main_route_table_id": "rtb-7185c70a",
                            "tags.%": "1",
                            "tags.Name": "main"
                        },
                        "meta": {
                            "schema_version": "1"
                        },
                        "tainted": false
                    },
                    "deposed": [],
                    "provider": ""
                }
            },
            "depends_on": []
        }
    ]
}
