{
    "version": 3,
    "terraform_version": "0.9.4",
    "serial": 4,
    "lineage": "7f6024c5-9684-4be0-bc48-0090c6ff013d",
    "modules": [
        {
            "path": [
                "root"
            ],
            "outputs": {},
            "resources": {
                "aws_db_instance.default": {
                    "type": "aws_db_instance",
                    "depends_on": [
                        "aws_db_subnet_group.default"
                    ],
                    "primary": {
                        "id": "db1-primary",
                        "attributes": {
                            "address": "db1-primary.cehlmxzhtuy2.us-east-1.rds.amazonaws.com",
                            "allocated_storage": "100",
                            "arn": "arn:aws:rds:us-east-1:881638663441:db:db1-primary",
                            "auto_minor_version_upgrade": "true",
                            "availability_zone": "us-east-1a",
                            "backup_retention_period": "7",
                            "backup_window": "08:00-08:30",
                            "copy_tags_to_snapshot": "false",
                            "db_subnet_group_name": "main",
                            "endpoint": "db1-primary.cehlmxzhtuy2.us-east-1.rds.amazonaws.com:5432",
                            "engine": "postgres",
                            "engine_version": "9.6.2",
                            "final_snapshot_identifier": "db1-primary-final",
                            "hosted_zone_id": "Z2R2ITUGPM61AM",
                            "id": "db1-primary",
                            "identifier": "db1-primary",
                            "instance_class": "db.t2.micro",
                            "iops": "0",
                            "kms_key_id": "",
                            "license_model": "postgresql-license",
                            "maintenance_window": "sun:06:00-sun:06:30",
                            "monitoring_interval": "0",
                            "multi_az": "false",
                            "name": "",
                            "option_group_name": "default:postgres-9-6",
                            "parameter_group_name": "default.postgres9.6",
                            "password": "ZdOjYQyw*%98",
                            "port": "5432",
                            "publicly_accessible": "false",
                            "replicas.#": "0",
                            "replicate_source_db": "",
                            "security_group_names.#": "0",
                            "skip_final_snapshot": "false",
                            "status": "available",
                            "storage_encrypted": "false",
                            "storage_type": "gp2",
                            "tags.%": "1",
                            "tags.Name": "main",
                            "timezone": "",
                            "username": "root_user",
                            "vpc_security_group_ids.#": "1",
                            "vpc_security_group_ids.2374498016": "sg-1104d462"
                        },
                        "meta": {
                            "e2bfb730-ecaa-11e6-8f88-34363bc7c4c0": {
                                "create": 2400000000000,
                                "delete": 2400000000000,
                                "update": 4800000000000
                            }
                        },
                        "tainted": false
                    },
                    "deposed": [],
                    "provider": ""
                },
                "aws_db_subnet_group.default": {
                    "type": "aws_db_subnet_group",
                    "depends_on": [
                        "aws_subnet.db-a",
                        "aws_subnet.db-b"
                    ],
                    "primary": {
                        "id": "main",
                        "attributes": {
                            "arn": "arn:aws:rds:us-east-1:881638663441:subgrp:main",
                            "description": "Managed by Terraform",
                            "id": "main",
                            "name": "main",
                            "subnet_ids.#": "2",
                            "subnet_ids.1823420513": "subnet-2fe7cb75",
                            "subnet_ids.2244498991": "subnet-1612fa5d",
                            "tags.%": "1",
                            "tags.Name": "main"
                        },
                        "meta": {},
                        "tainted": false
                    },
                    "deposed": [],
                    "provider": ""
                },
                "aws_internet_gateway.main": {
                    "type": "aws_internet_gateway",
                    "depends_on": [
                        "aws_vpc.main"
                    ],
                    "primary": {
                        "id": "igw-45d03f3c",
                        "attributes": {
                            "id": "igw-45d03f3c",
                            "tags.%": "1",
                            "tags.Name": "main",
                            "vpc_id": "vpc-72e3f60b"
                        },
                        "meta": {},
                        "tainted": false
                    },
                    "deposed": [],
                    "provider": ""
                },
                "aws_route.default": {
                    "type": "aws_route",
                    "depends_on": [
                        "aws_internet_gateway.main",
                        "aws_route_table.public"
                    ],
                    "primary": {
                        "id": "r-rtb-940744ef1080289494",
                        "attributes": {
                            "destination_cidr_block": "0.0.0.0/0",
                            "destination_prefix_list_id": "",
                            "egress_only_gateway_id": "",
                            "gateway_id": "igw-45d03f3c",
                            "id": "r-rtb-940744ef1080289494",
                            "instance_id": "",
                            "instance_owner_id": "",
                            "nat_gateway_id": "",
                            "network_interface_id": "",
                            "origin": "CreateRoute",
                            "route_table_id": "rtb-940744ef",
                            "state": "active",
                            "vpc_peering_connection_id": ""
                        },
                        "meta": {},
                        "tainted": false
                    },
                    "deposed": [],
                    "provider": ""
                },
                "aws_route_table.private": {
                    "type": "aws_route_table",
                    "depends_on": [
                        "aws_vpc.main"
                    ],
                    "primary": {
                        "id": "rtb-1e004365",
                        "attributes": {
                            "id": "rtb-1e004365",
                            "propagating_vgws.#": "0",
                            "route.#": "0",
                            "tags.%": "1",
                            "tags.Name": "main",
                            "vpc_id": "vpc-72e3f60b"
                        },
                        "meta": {},
                        "tainted": false
                    },
                    "deposed": [],
                    "provider": ""
                },
                "aws_route_table.public": {
                    "type": "aws_route_table",
                    "depends_on": [
                        "aws_vpc.main"
                    ],
                    "primary": {
                        "id": "rtb-940744ef",
                        "attributes": {
                            "id": "rtb-940744ef",
                            "propagating_vgws.#": "0",
                            "route.#": "0",
                            "tags.%": "1",
                            "tags.Name": "main",
                            "vpc_id": "vpc-72e3f60b"
                        },
                        "meta": {},
                        "tainted": false
                    },
                    "deposed": [],
                    "provider": ""
                },
                "aws_route_table_association.db-a": {
                    "type": "aws_route_table_association",
                    "depends_on": [
                        "aws_route_table.private",
                        "aws_subnet.db-a"
                    ],
                    "primary": {
                        "id": "rtbassoc-e695cd9c",
                        "attributes": {
                            "id": "rtbassoc-e695cd9c",
                            "route_table_id": "rtb-1e004365",
                            "subnet_id": "subnet-1612fa5d"
                        },
                        "meta": {},
                        "tainted": false
                    },
                    "deposed": [],
                    "provider": ""
                },
                "aws_route_table_association.db-b": {
                    "type": "aws_route_table_association",
                    "depends_on": [
                        "aws_route_table.private",
                        "aws_subnet.db-b"
                    ],
                    "primary": {
                        "id": "rtbassoc-a891c9d2",
                        "attributes": {
                            "id": "rtbassoc-a891c9d2",
                            "route_table_id": "rtb-1e004365",
                            "subnet_id": "subnet-2fe7cb75"
                        },
                        "meta": {},
                        "tainted": false
                    },
                    "deposed": [],
                    "provider": ""
                },
                "aws_route_table_association.private-a": {
                    "type": "aws_route_table_association",
                    "depends_on": [
                        "aws_route_table.private",
                        "aws_subnet.private-a"
                    ],
                    "primary": {
                        "id": "rtbassoc-769fc70c",
                        "attributes": {
                            "id": "rtbassoc-769fc70c",
                            "route_table_id": "rtb-1e004365",
                            "subnet_id": "subnet-2a17ff61"
                        },
                        "meta": {},
                        "tainted": false
                    },
                    "deposed": [],
                    "provider": ""
                },
                "aws_route_table_association.public-a": {
                    "type": "aws_route_table_association",
                    "depends_on": [
                        "aws_route_table.public",
                        "aws_subnet.public-a"
                    ],
                    "primary": {
                        "id": "rtbassoc-c693cbbc",
                        "attributes": {
                            "id": "rtbassoc-c693cbbc",
                            "route_table_id": "rtb-940744ef",
                            "subnet_id": "subnet-f211f9b9"
                        },
                        "meta": {},
                        "tainted": false
                    },
                    "deposed": [],
                    "provider": ""
                },
                "aws_security_group.main": {
                    "type": "aws_security_group",
                    "depends_on": [
                        "aws_vpc.main"
                    ],
                    "primary": {
                        "id": "sg-5005d523",
                        "attributes": {
                            "description": "Main security group",
                            "egress.#": "0",
                            "id": "sg-5005d523",
                            "ingress.#": "0",
                            "name": "main",
                            "owner_id": "881638663441",
                            "tags.%": "1",
                            "tags.Name": "main",
                            "vpc_id": "vpc-72e3f60b"
                        },
                        "meta": {},
                        "tainted": false
                    },
                    "deposed": [],
                    "provider": ""
                },
                "aws_security_group_rule.https": {
                    "type": "aws_security_group_rule",
                    "depends_on": [
                        "aws_security_group.main"
                    ],
                    "primary": {
                        "id": "sgrule-1794755839",
                        "attributes": {
                            "cidr_blocks.#": "1",
                            "cidr_blocks.0": "0.0.0.0/0",
                            "from_port": "443",
                            "id": "sgrule-1794755839",
                            "protocol": "tcp",
                            "security_group_id": "sg-5005d523",
                            "self": "false",
                            "to_port": "443",
                            "type": "ingress"
                        },
                        "meta": {
                            "schema_version": "2"
                        },
                        "tainted": false
                    },
                    "deposed": [],
                    "provider": ""
                },
                "aws_security_group_rule.master-egress": {
                    "type": "aws_security_group_rule",
                    "depends_on": [
                        "aws_security_group.main"
                    ],
                    "primary": {
                        "id": "sgrule-2727942206",
                        "attributes": {
                            "cidr_blocks.#": "1",
                            "cidr_blocks.0": "0.0.0.0/0",
                            "from_port": "0",
                            "id": "sgrule-2727942206",
                            "protocol": "-1",
                            "security_group_id": "sg-5005d523",
                            "self": "false",
                            "to_port": "0",
                            "type": "egress"
                        },
                        "meta": {
                            "schema_version": "2"
                        },
                        "tainted": false
                    },
                    "deposed": [],
                    "provider": ""
                },
                "aws_subnet.db-a": {
                    "type": "aws_subnet",
                    "depends_on": [
                        "aws_vpc.main"
                    ],
                    "primary": {
                        "id": "subnet-1612fa5d",
                        "attributes": {
                            "assign_ipv6_address_on_creation": "false",
                            "availability_zone": "us-east-1a",
                            "cidr_block": "10.0.64.0/19",
                            "id": "subnet-1612fa5d",
                            "map_public_ip_on_launch": "false",
                            "tags.%": "1",
                            "tags.Name": "main",
                            "vpc_id": "vpc-72e3f60b"
                        },
                        "meta": {
                            "schema_version": "1"
                        },
                        "tainted": false
                    },
                    "deposed": [],
                    "provider": ""
                },
                "aws_subnet.db-b": {
                    "type": "aws_subnet",
                    "depends_on": [
                        "aws_vpc.main"
                    ],
                    "primary": {
                        "id": "subnet-2fe7cb75",
                        "attributes": {
                            "assign_ipv6_address_on_creation": "false",
                            "availability_zone": "us-east-1b",
                            "cidr_block": "10.0.96.0/19",
                            "id": "subnet-2fe7cb75",
                            "map_public_ip_on_launch": "false",
                            "tags.%": "1",
                            "tags.Name": "main",
                            "vpc_id": "vpc-72e3f60b"
                        },
                        "meta": {
                            "schema_version": "1"
                        },
                        "tainted": false
                    },
                    "deposed": [],
                    "provider": ""
                },
                "aws_subnet.private-a": {
                    "type": "aws_subnet",
                    "depends_on": [
                        "aws_vpc.main"
                    ],
                    "primary": {
                        "id": "subnet-2a17ff61",
                        "attributes": {
                            "assign_ipv6_address_on_creation": "false",
                            "availability_zone": "us-east-1a",
                            "cidr_block": "10.0.32.0/19",
                            "id": "subnet-2a17ff61",
                            "map_public_ip_on_launch": "false",
                            "tags.%": "1",
                            "tags.Name": "main",
                            "vpc_id": "vpc-72e3f60b"
                        },
                        "meta": {
                            "schema_version": "1"
                        },
                        "tainted": false
                    },
                    "deposed": [],
                    "provider": ""
                },
                "aws_subnet.public-a": {
                    "type": "aws_subnet",
                    "depends_on": [
                        "aws_vpc.main"
                    ],
                    "primary": {
                        "id": "subnet-f211f9b9",
                        "attributes": {
                            "assign_ipv6_address_on_creation": "false",
                            "availability_zone": "us-east-1a",
                            "cidr_block": "10.0.0.0/19",
                            "id": "subnet-f211f9b9",
                            "map_public_ip_on_launch": "false",
                            "tags.%": "1",
                            "tags.Name": "main",
                            "vpc_id": "vpc-72e3f60b"
                        },
                        "meta": {
                            "schema_version": "1"
                        },
                        "tainted": false
                    },
                    "deposed": [],
                    "provider": ""
                },
                "aws_vpc.main": {
                    "type": "aws_vpc",
                    "depends_on": [],
                    "primary": {
                        "id": "vpc-72e3f60b",
                        "attributes": {
                            "assign_generated_ipv6_cidr_block": "false",
                            "cidr_block": "10.0.0.0/16",
                            "default_network_acl_id": "acl-403bba38",
                            "default_route_table_id": "rtb-d90447a2",
                            "default_security_group_id": "sg-1104d462",
                            "dhcp_options_id": "dopt-76cadf14",
                            "enable_classiclink": "false",
                            "enable_dns_hostnames": "true",
                            "enable_dns_support": "true",
                            "id": "vpc-72e3f60b",
                            "instance_tenancy": "default",
                            "main_route_table_id": "rtb-d90447a2",
                            "tags.%": "1",
                            "tags.Name": "main"
                        },
                        "meta": {
                            "schema_version": "1"
                        },
                        "tainted": false
                    },
                    "deposed": [],
                    "provider": ""
                }
            },
            "depends_on": []
        }
    ]
}
